lockfileVersion: '9.0'

settings:
  autoInstallPeers: true
  excludeLinksFromLockfile: false

importers:

  .:
    dependencies:
      drizzle-orm:
        specifier: 0.45.2
        version: 0.45.2
      framer-motion:
        specifier: ^13.1.0
        version: 13.1.0(react-dom@19.2.6(react@19.2.6))(react@19.2.6)
      lucide-react:
        specifier: ^1.31.0
        version: 1.31.0(react@19.2.6)
      qrcode.react:
        specifier: ^4.2.0
        version: 4.2.0(react@19.2.6)
      react:
        specifier: 19.2.6
        version: 19.2.6
      react-dom:
        specifier: 19.2.6
        version: 19.2.6(react@19.2.6)
      react-loading-skeleton:
        specifier: 3.5.0
        version: 3.5.0(react@19.2.6)
    devDependencies:
      '@cloudflare/vite-plugin':
        specifier: 1.37.1
        version: 1.37.1(vite@8.0.13(@types/node@22.19.19)(esbuild@0.28.2)(jiti@2.7.0)(terser@5.49.2)(tsx@4.23.12))(workerd@1.20260515.1)(wrangler@4.92.0)
      '@eslint/js':
        specifier: 9.39.4
        version: 9.39.4
      '@next/eslint-plugin-next':
        specifier: 16.2.6
        version: 16.2.6
      '@tailwindcss/postcss':
        specifier: 4.2.1
        version: 4.2.1
      '@types/node':
        specifier: 22.19.19
        version: 22.19.19
      '@types/react':
        specifier: 19.2.14
        version: 19.2.14
      '@types/react-dom':
        specifier: 19.2.3
        version: 19.2.3(@types/react@19.2.14)
      '@vitejs/plugin-react':
        specifier: 6.0.2
        version: 6.0.2(vite@8.0.13(@types/node@22.19.19)(esbuild@0.28.2)(jiti@2.7.0)(terser@5.49.2)(tsx@4.23.12))
      '@vitejs/plugin-rsc':
        specifier: 0.5.26
        version: 0.5.26(react-dom@19.2.6(react@19.2.6))(react-server-dom-webpack@19.2.6(react-dom@19.2.6(react@19.2.6))(react@19.2.6)(webpack@5.109.2(esbuild@0.28.2)(lightningcss@1.33.0)(postcss@8.5.26)))(react@19.2.6)(vite@8.0.13(@types/node@22.19.19)(esbuild@0.28.2)(jiti@2.7.0)(terser@5.49.2)(tsx@4.23.12))
      cross-env:
        specifier: ^10.0.0
        version: 10.1.0
      drizzle-kit:
        specifier: 0.31.10
        version: 0.31.10
      eslint:
        specifier: 9.39.4
        version: 9.39.4(jiti@2.7.0)(supports-color@10.2.2)
      eslint-plugin-jsx-a11y:
        specifier: 6.10.2
        version: 6.10.2(eslint@9.39.4(jiti@2.7.0)(supports-color@10.2.2))
      eslint-plugin-react:
        specifier: 7.37.5
        version: 7.37.5(eslint@9.39.4(jiti@2.7.0)(supports-color@10.2.2))
      eslint-plugin-react-hooks:
        specifier: 7.1.1
        version: 7.1.1(eslint@9.39.4(jiti@2.7.0)(supports-color@10.2.2))(supports-color@10.2.2)
      globals:
        specifier: 16.4.0
        version: 16.4.0
      react-server-dom-webpack:
        specifier: 19.2.6
        version: 19.2.6(react-dom@19.2.6(react@19.2.6))(react@19.2.6)(webpack@5.109.2(esbuild@0.28.2)(lightningcss@1.33.0)(postcss@8.5.26))
      tailwindcss:
        specifier: 4.2.1
        version: 4.2.1
      typescript:
        specifier: 5.9.3
        version: 5.9.3
      typescript-eslint:
        specifier: 8.59.3
        version: 8.59.3(eslint@9.39.4(jiti@2.7.0)(supports-color@10.2.2))(supports-color@10.2.2)(typescript@5.9.3)
      vinext:
        specifier: 1.0.0-beta.2
        version: 1.0.0-beta.2(@vitejs/plugin-react@6.0.2(vite@8.0.13(@types/node@22.19.19)(esbuild@0.28.2)(jiti@2.7.0)(terser@5.49.2)(tsx@4.23.12)))(@vitejs/plugin-rsc@0.5.26(react-dom@19.2.6(react@19.2.6))(react-server-dom-webpack@19.2.6(react-dom@19.2.6(react@19.2.6))(react@19.2.6)(webpack@5.109.2(esbuild@0.28.2)(lightningcss@1.33.0)(postcss@8.5.26)))(react@19.2.6)(vite@8.0.13(@types/node@22.19.19)(esbuild@0.28.2)(jiti@2.7.0)(terser@5.49.2)(tsx@4.23.12)))(react-dom@19.2.6(react@19.2.6))(react-server-dom-webpack@19.2.6(react-dom@19.2.6(react@19.2.6))(react@19.2.6)(webpack@5.109.2(esbuild@0.28.2)(lightningcss@1.33.0)(postcss@8.5.26)))(react@19.2.6)(vite@8.0.13(@types/node@22.19.19)(esbuild@0.28.2)(jiti@2.7.0)(terser@5.49.2)(tsx@4.23.12))
      vite:
        specifier: 8.0.13
        version: 8.0.13(@types/node@22.19.19)(esbuild@0.28.2)(jiti@2.7.0)(terser@5.49.2)(tsx@4.23.12)
      wrangler:
        specifier: 4.92.0
        version: 4.92.0

packages:

  '@alloc/quick-lru@5.2.0':
    resolution: {integrity: sha512-UrcABB+4bUrFABwbluTIBErXwvbsU/V7TZWfmbgJfbkwiBuziS9gxdODUyuiecfdGQ85jglMW6juS3+z5TsKLw==}
    engines: {node: '>=10'}

  '@babel/code-frame@7.29.7':
    resolution: {integrity: sha512-Aup7aUOfpbAUg2ROOJN6Iw5f9DMBlzu0mIkm/malLQFN/YQgO48wCj0Kxa3sEHJvPVFg7siR+qRInwXd2qhQKw==}
    engines: {node: '>=6.9.0'}

  '@babel/compat-data@7.29.7':
    resolution: {integrity: sha512-locTkQyKvwIEgBzVrn8693ebc97F2U8ZHjbXwDXJ5Fn2TCpNwTlKcaKLkdHop5c/icOFE7qt7Q9JC5hnKNa6Gg==}
    engines: {node: '>=6.9.0'}

  '@babel/core@7.29.7':
    resolution: {integrity: sha512-RgHBCvtjbOK2gXSNBNIkNoEc9qoVEtau3hj8gEqKQuL3HZAibKarWFEI3Lfm6EYKkLalOh8eSrj9b+ch9H/VBA==}
    engines: {node: '>=6.9.0'}

  '@babel/generator@7.29.8':
    resolution: {integrity: sha512-gZbepsdh3WDtgZKWL+vTPh71LSBrm/Y4/QDZBVCcYfmeTEEuoOYwlSy+G1StfJg+/Zy550u/3TATbm7qDbbMtg==}
    engines: {node: '>=6.9.0'}

  '@babel/helper-compilation-targets@7.29.7':
    resolution: {integrity: sha512-wem6WaBj4NaVYVdNhLPPVacES6ZJ+KBBfSkTMD3YZxbP3rm3Di85tJU5ljaUNhaOynt+Aj0xruhYuzQBt8n71g==}
    engines: {node: '>=6.9.0'}

  '@babel/helper-globals@7.29.7':
    resolution: {integrity: sha512-3nQVUAtvkKH9zahfWgw96Jc/uFOmjACE1kQz82E2lqWmHBgjzbNlsC22nuQTfahmWeQtTq5nQ/4Nnd2A1wj4zA==}
    engines: {node: '>=6.9.0'}

  '@babel/helper-module-imports@7.29.7':
    resolution: {integrity: sha512-ejHwrQQYcm9xnTivShn2IDOlIzInN34AXskvq9QicvCtEzq1Vzclu/tKF8Jq1Cg8JG2GL6/EmjgsCT7lXepE3g==}
    engines: {node: '>=6.9.0'}

  '@babel/helper-module-transforms@7.29.7':
    resolution: {integrity: sha512-UPUVSyXbOh627KiCIGQSgwWzGeBKLkaJ9PJEdrngIwMSzxLR4jS4+f1f1jb7VzBbg8nFLaYotvVPFCTqdrmTAg==}
    engines: {node: '>=6.9.0'}
    peerDependencies:
      '@babel/core': ^7.0.0

  '@babel/helper-string-parser@7.29.7':
    resolution: {integrity: sha512-Pb5ijPrZ89GDH8223L4UP8i6QApWxs04RbPQJTeWDV0/keR2E36MeKnyr6LYmUUvqRRI+Iv87SuF1W6ErINzYw==}
    engines: {node: '>=6.9.0'}

  '@babel/helper-validator-identifier@7.29.7':
    resolution: {integrity: sha512-qehxGkRj55h/ff8EMaJ+cYhyaKlHIxqYDn682wQD7RNp9UujOQsHog2uS0r2vzr4pW+sXf90NeeayjcNaX3fFg==}
    engines: {node: '>=6.9.0'}

  '@babel/helper-validator-option@7.29.7':
    resolution: {integrity: sha512-N9ZErrD+yW5geCDtBqnOoxmR8+tNKiGuxKlDpuJxfsqpa2dFcexaziGAE/qoHLiDDreVNMupxGmSoNlyvsA3gw==}
    engines: {node: '>=6.9.0'}

  '@babel/helpers@7.29.7':
    resolution: {integrity: sha512-1k2lAGRMfHTcwuNYcCNUmaUffmQv8KWMfh2iJUUeRlwlwH4FdNG7mfPI10NPfLHJFThE4Tyr4mv7kTNZOiPuBg==}
    engines: {node: '>=6.9.0'}

  '@babel/parser@7.29.8':
    resolution: {integrity: sha512-E8lTAYNB1KW+FH+VGJuZM1ioAx2E6oVlvQFRrf5P8ZZmsiJXYAD9vTFV7yyEURNzgh1dFqMZuO6tUwcARbqFCA==}
    engines: {node: '>=6.0.0'}
    hasBin: true

  '@babel/template@7.29.7':
    resolution: {integrity: sha512-puq+Gf35oI24FeN11LkoUQFqv9uwNeWpxXZi/Ji3rRIoKAzKnxRaZ+Gkj0vKS9ZCiTESfng1N9LyOyXvo+m+Gg==}
    engines: {node: '>=6.9.0'}

  '@babel/traverse@7.29.8':
    resolution: {integrity: sha512-I5z7H3bf/41ktsNVLtpN0wAa336HkqIHQ5BuPLEhTkt1jVSyZpeNKIzTgEWmlxjdg81R0IgUCcaE+Ok3NvrfZg==}
    engines: {node: '>=6.9.0'}

  '@babel/types@7.29.8':
    resolution: {integrity: sha512-Vj1jF3cPfxg7OAfoI7QnVKLoILlm2JF9pnVHrX8qx7AHMiYWT+NDAA7jChlNgRS4WTLc/fD1lXLmPixluj+3Gg==}
    engines: {node: '>=6.9.0'}

  '@cloudflare/kv-asset-handler@0.5.0':
    resolution: {integrity: sha512-jxQYkj8dSIzc0cD6cMMNdOc1UVjqSqu8BZdor5s8cGjW2I8BjODt/kWPVdY+u9zj3ms75Q5qaZgnxUad83+eAg==}
    engines: {node: '>=22.0.0'}

  '@cloudflare/unenv-preset@2.16.1':
    resolution: {integrity: sha512-ECxObrMfyTl5bhQf/lZCXwo5G6xX9IAUo+nDMKK4SZ8m4Jvvxp52vilxyySSWh2YTZz8+HQ07qGH/2rEom1vDw==}
    peerDependencies:
      unenv: 2.0.0-rc.24
      workerd: '>1.20260305.0 <2.0.0-0'
    peerDependenciesMeta:
      workerd:
        optional: true

  '@cloudflare/vite-plugin@1.37.1':
    resolution: {integrity: sha512-FldhsmkXyLsX3yI+p0aJDo/kGyY69pDdynz2JjcuH3eCiQ+G9XaY3CrN+UYEfCbWv8CiR2wL95lNg0fT/HfwWA==}
    peerDependencies:
      vite: ^6.1.0 || ^7.0.0 || ^8.0.0
      wrangler: ^4.92.0

  '@cloudflare/workerd-darwin-64@1.20260515.1':
    resolution: {integrity: sha512-Wtw44el2pNbzixvTkWdfeBDTrQwQbJRz7/JUvPKV27I0pQWXbhNJPpM8cstq/pbrU5AGcA/HjFH6yPMRTIRKig==}
    engines: {node: '>=16'}
    cpu: [x64]
    os: [darwin]

  '@cloudflare/workerd-darwin-arm64@1.20260515.1':
    resolution: {integrity: sha512-X8EqkZej6FfmhF9AVAQ3FhyQRr9acS4RcDunMU2YiuxKHF1IU8zzH3vY30/POaG+rUu9vGDp/VgUl49VPenHJQ==}
    engines: {node: '>=16'}
    cpu: [arm64]
    os: [darwin]

  '@cloudflare/workerd-linux-64@1.20260515.1':
    resolution: {integrity: sha512-CDC89QxQ7Y7t7RG1Jd9vj/qolE1sQRkI2OSEuV5BMJi0vW/gV4OVG6xjpdK3b1OYnSWDzF7NpvlR5Yg86q7k4g==}
    engines: {node: '>=16'}
    cpu: [x64]
    os: [linux]

  '@cloudflare/workerd-linux-arm64@1.20260515.1':
    resolution: {integrity: sha512-WxbW/PToYES4fvHXzsr/5qOiETQs/Z9iZ0mjSZAiEwq5cMLZemzGN0COx+uFb9OvQwzh6Pg159qPFnw3+i9FuA==}
    engines: {node: '>=16'}
    cpu: [arm64]
    os: [linux]

  '@cloudflare/workerd-windows-64@1.20260515.1':
    resolution: {integrity: sha512-WmV/iv+MHjYsvkcMVzpM2B5/mf06UUkdpVhZrtMfV9graWjBGPYFvE/eab8748RPVGKh1Xe1vXofLzDSwc08lA==}
    engines: {node: '>=16'}
    cpu: [x64]
    os: [win32]

  '@cspotcode/source-map-support@0.8.1':
    resolution: {integrity: sha512-IchNf6dN4tHoMFIn/7OE8LWZ19Y6q/67Bmf6vnGREv8RSbBVb9LPJxEcnwrcwX6ixSvaiGoomAUvu4YSxXrVgw==}
    engines: {node: '>=12'}

  '@drizzle-team/brocli@0.10.2':
    resolution: {integrity: sha512-z33Il7l5dKjUgGULTqBsQBQwckHh5AbIuxhdsIxDDiZAzBOrZO6q9ogcWC65kU382AfynTfgNumVcNIjuIua6w==}

  '@emnapi/core@1.10.0':
    resolution: {integrity: sha512-yq6OkJ4p82CAfPl0u9mQebQHKPJkY7WrIuk205cTYnYe+k2Z8YBh11FrbRG/H6ihirqcacOgl2BIO8oyMQLeXw==}

  '@emnapi/runtime@1.10.0':
    resolution: {integrity: sha512-ewvYlk86xUoGI0zQRNq/mC+16R1QeDlKQy21Ki3oSYXNgLb45GV1P6A0M+/s6nyCuNDqe5VpaY84BzXGwVbwFA==}

  '@emnapi/runtime@1.11.3':
    resolution: {integrity: sha512-Xz4Tpyki7XyrpbUK1jR1AhdAdaXyhhY4lZ3neLodmhpuWfy2PAQN5B46sAiU4liOXGLkHypn/qU+jvfWSCYYLA==}

  '@emnapi/wasi-threads@1.2.1':
    resolution: {integrity: sha512-uTII7OYF+/Mes/MrcIOYp5yOtSMLBWSIoLPpcgwipoiKbli6k322tcoFsxoIIxPDqW01SQGAgko4EzZi2BNv2w==}

  '@epic-web/invariant@1.0.0':
    resolution: {integrity: sha512-lrTPqgvfFQtR/eY/qkIzp98OGdNJu0m5ji3q/nJI8v3SXkRKEnWiOxMmbvcSoAIzv/cGiuvRy57k4suKQSAdwA==}

  '@esbuild-kit/core-utils@3.3.2':
    resolution: {integrity: sha512-sPRAnw9CdSsRmEtnsl2WXWdyquogVpB3yZ3dgwJfe8zrOzTsV7cJvmwrKVa+0ma5BoiGJ+BoqkMvawbayKUsqQ==}
    deprecated: 'Merged into tsx: https://tsx.hirok.io'

  '@esbuild-kit/esm-loader@2.6.5':
    resolution: {integrity: sha512-FxEMIkJKnodyA1OaCUoEvbYRkoZlLZ4d/eXFu9Fh8CbBBgP5EmZxrfTRyN0qpXZ4vOvqnE5YdRdcrmUUXuU+dA==}
    deprecated: 'Merged into tsx: https://tsx.hirok.io'

  '@esbuild/aix-ppc64@0.25.12':
    resolution: {integrity: sha512-Hhmwd6CInZ3dwpuGTF8fJG6yoWmsToE+vYgD4nytZVxcu1ulHpUQRAB1UJ8+N1Am3Mz4+xOByoQoSZf4D+CpkA==}
    engines: {node: '>=18'}
    cpu: [ppc64]
    os: [aix]

  '@esbuild/aix-ppc64@0.27.3':
    resolution: {integrity: sha512-9fJMTNFTWZMh5qwrBItuziu834eOCUcEqymSH7pY+zoMVEZg3gcPuBNxH1EvfVYe9h0x/Ptw8KBzv7qxb7l8dg==}
    engines: {node: '>=18'}
    cpu: [ppc64]
    os: [aix]

  '@esbuild/aix-ppc64@0.28.2':
    resolution: {integrity: sha512-XExcO+dvLKvVtNTibSTBej1NCAbaGhWn9Ww1ZPx80qsahhPFe/8jgWP0IchNe0F3HwkU7n8ejhH8bjonqht8mQ==}
    engines: {node: '>=18'}
    cpu: [ppc64]
    os: [aix]

  '@esbuild/android-arm64@0.18.20':
    resolution: {integrity: sha512-Nz4rJcchGDtENV0eMKUNa6L12zz2zBDXuhj/Vjh18zGqB44Bi7MBMSXjgunJgjRhCmKOjnPuZp4Mb6OKqtMHLQ==}
    engines: {node: '>=12'}
    cpu: [arm64]
    os: [android]

  '@esbuild/android-arm64@0.25.12':
    resolution: {integrity: sha512-6AAmLG7zwD1Z159jCKPvAxZd4y/VTO0VkprYy+3N2FtJ8+BQWFXU+OxARIwA46c5tdD9SsKGZ/1ocqBS/gAKHg==}
    engines: {node: '>=18'}
    cpu: [arm64]
    os: [android]

  '@esbuild/android-arm64@0.27.3':
    resolution: {integrity: sha512-YdghPYUmj/FX2SYKJ0OZxf+iaKgMsKHVPF1MAq/P8WirnSpCStzKJFjOjzsW0QQ7oIAiccHdcqjbHmJxRb/dmg==}
    engines: {node: '>=18'}
    cpu: [arm64]
    os: [android]

  '@esbuild/android-arm64@0.28.2':
    resolution: {integrity: sha512-5YfKeeI8qWfBZIX+u2xZC3Zlb3Os/gLS2sbEKM+I4ZOcsWmHS2WLysCcQZDAFRslDUU5Oiq44gf6PYN1vGwG5A==}
    engines: {node: '>=18'}
    cpu: [arm64]
    os: [android]

  '@esbuild/android-arm@0.18.20':
    resolution: {integrity: sha512-fyi7TDI/ijKKNZTUJAQqiG5T7YjJXgnzkURqmGj13C6dCqckZBLdl4h7bkhHt/t0WP+zO9/zwroDvANaOqO5Sw==}
    engines: {node: '>=12'}
    cpu: [arm]
    os: [android]

  '@esbuild/android-arm@0.25.12':
    resolution: {integrity: sha512-VJ+sKvNA/GE7Ccacc9Cha7bpS8nyzVv0jdVgwNDaR4gDMC/2TTRc33Ip8qrNYUcpkOHUT5OZ0bUcNNVZQ9RLlg==}
    engines: {node: '>=18'}
    cpu: [arm]
    os: [android]

  '@esbuild/android-arm@0.27.3':
    resolution: {integrity: sha512-i5D1hPY7GIQmXlXhs2w8AWHhenb00+GxjxRncS2ZM7YNVGNfaMxgzSGuO8o8SJzRc/oZwU2bcScvVERk03QhzA==}
    engines: {node: '>=18'}
    cpu: [arm]
    os: [android]

  '@esbuild/android-arm@0.28.2':
    resolution: {integrity: sha512-kXXoiPVVGQcnIYGOeaovwOURpniDBpSq4A03qkQ+BMQqtGG6HYap3xne9C1O1yo4TR3qxlCX5IqqmX6fFo2Lqg==}
    engines: {node: '>=18'}
    cpu: [arm]
    os: [android]

  '@esbuild/android-x64@0.18.20':
    resolution: {integrity: sha512-8GDdlePJA8D6zlZYJV/jnrRAi6rOiNaCC/JclcXpB+KIuvfBN4owLtgzY2bsxnx666XjJx2kDPUmnTtR8qKQUg==}
    engines: {node: '>=12'}
    cpu: [x64]
    os: [android]

  '@esbuild/android-x64@0.25.12':
    resolution: {integrity: sha512-5jbb+2hhDHx5phYR2By8GTWEzn6I9UqR11Kwf22iKbNpYrsmRB18aX/9ivc5cabcUiAT/wM+YIZ6SG9QO6a8kg==}
    engines: {node: '>=18'}
    cpu: [x64]
    os: [android]

  '@esbuild/android-x64@0.27.3':
    resolution: {integrity: sha512-IN/0BNTkHtk8lkOM8JWAYFg4ORxBkZQf9zXiEOfERX/CzxW3Vg1ewAhU7QSWQpVIzTW+b8Xy+lGzdYXV6UZObQ==}
    engines: {node: '>=18'}
    cpu: [x64]
    os: [android]

  '@esbuild/android-x64@0.28.2':
    resolution: {integrity: sha512-O387ite7SzUyCcy3JQX4P4bLtEA7bLLkx+esve5JHnyYfNTxcVpXZo9jhdB0lTKN44gztELTdU7nS8Nr16Fs1Q==}
    engines: {node: '>=18'}
    cpu: [x64]
    os: [android]

  '@esbuild/darwin-arm64@0.18.20':
    resolution: {integrity: sha512-bxRHW5kHU38zS2lPTPOyuyTm+S+eobPUnTNkdJEfAddYgEcll4xkT8DB9d2008DtTbl7uJag2HuE5NZAZgnNEA==}
    engines: {node: '>=12'}
    cpu: [arm64]
    os: [darwin]

  '@esbuild/darwin-arm64@0.25.12':
    resolution: {integrity: sha512-N3zl+lxHCifgIlcMUP5016ESkeQjLj/959RxxNYIthIg+CQHInujFuXeWbWMgnTo4cp5XVHqFPmpyu9J65C1Yg==}
    engines: {node: '>=18'}
    cpu: [arm64]
    os: [darwin]

  '@esbuild/darwin-arm64@0.27.3':
    resolution: {integrity: sha512-Re491k7ByTVRy0t3EKWajdLIr0gz2kKKfzafkth4Q8A5n1xTHrkqZgLLjFEHVD+AXdUGgQMq+Godfq45mGpCKg==}
    engines: {node: '>=18'}
    cpu: [arm64]
    os: [darwin]

  '@esbuild/darwin-arm64@0.28.2çÝ¸ÞÚ$z{-®éÜj×F–ærÖF'v–â×ƒcBs¢ãã¢t&öÆÆF÷vâö&–æF–ærÖg&VV'6B×ƒcBs¢ãã¢t&öÆÆF÷vâö&–æF–ærÖÆ–çW‚Ö&ÒÖvçVV&–†bs¢ãã¢t&öÆÆF÷vâö&–æF–ærÖÆ–çW‚Ö&ÓcBÖvçRs¢ãã¢t&öÆÆF÷vâö&–æF–ærÖÆ–çW‚Ö&ÓcBÖ×W6Âs¢ãã¢t&öÆÆF÷vâö&–æF–ærÖÆ–çW‚×3cBÖvçRs¢ãã¢t&öÆÆF÷vâö&–æF–ærÖÆ–çW‚×33“‚ÖvçRs¢ãã¢t&öÆÆF÷vâö&–æF–ærÖÆ–çW‚×ƒcBÖvçRs¢ãã¢t&öÆÆF÷vâö&–æF–ærÖÆ–çW‚×ƒcBÖ×W6Âs¢ãã¢t&öÆÆF÷vâö&–æF–ærÖ÷Væ†&Ööç’Ö&ÓcBs¢ãã¢t&öÆÆF÷vâö&–æF–ær×v6Ó3"×v6’s¢ãã¢t&öÆÆF÷vâö&–æF–ær×v–ã3"Ö&ÓcBÖ×7f2s¢ãã¢t&öÆÆF÷vâö&–æF–ær×v–ã3"×ƒcBÖ×7f2s¢ãã ¢'Vâ×&ÆÆVÄã"ã ¢FWVæFVæ6–W3 ¢VWVRÖÖ–7&÷F6³¢ã"ã0 ¢6fRÖ'&’Ö6öæ6DããC ¢FWVæFVæ6–W3 ¢6ÆÂÖ&–æC¢ãã¢6ÆÂÖ&÷VæC¢ãã@¢vWBÖ–çG&–ç6–3¢ã2ã ¢†2×7–Ö&öÇ3¢ãã ¢—6'&“¢"ããP ¢6fR×W6‚ÖÇ”ãã ¢FWVæFVæ6–W3 ¢W2ÖW'&÷'3¢ã2ã ¢—6'&“¢"ããP ¢6fR×&VvW‚×FW7Dãã ¢FWVæFVæ6–W3 ¢6ÆÂÖ&÷VæC¢ãã@¢W2ÖW'&÷'3¢ã2ã ¢—2×&VvWƒ¢ã"ã ¢6F÷&”ãbã ¢FWVæFVæ6–W3 ¢t6‡VF–ærö÷VçG—Ræ§2s¢ãBãÖ&WFã ¢772Ö&6¶w&÷VæB×'6W#¢ãã ¢772Ö&÷‚×6†F÷s¢ããÓ0¢772Öw&F–VçB×'6W#¢ãã`¢772×Fò×&V7BÖæF—fS¢2ã"ã ¢VÖö¦’×&VvW‚×‡3¢"ãã¢W66RÖ‡FÖÃ¢ãã0¢Æ–æV'&V³¢ãã ¢'6RÖ772Ö6öÆ÷#¢ã"ã¢÷7F772×fÇVR×'6W#¢Bã"ã ¢–övÖÆ–÷WC¢2ã"ã ¢66†VGVÆW$ã#rã¢·Ð ¢66†VÖ×WF–Ç4Bã2ã3 ¢FWVæFVæ6–W3 ¢tG—W2ö§6öâ×66†VÖs¢rããP¢§c¢‚ã#ã ¢§bÖf÷&ÖG3¢"ãã†§d‚ã#ã¢§bÖ¶W—v÷&G3¢Rãã†§d‚ã#ã ¢6V×fW$bã2ã¢·Ð ¢6V×fW$rã‚ãS¢·Ð ¢6WBÖgVæ7F–öâÖÆVæwF„ã"ã# ¢FWVæFVæ6–W3 ¢FVf–æRÖFF×&÷W'G“¢ãã@¢W2ÖW'&÷'3¢ã2ã ¢gVæ7F–öâÖ&–æC¢ãã ¢vWBÖ–çG&–ç6–3¢ã2ã ¢v÷C¢ã"ã ¢†2×&÷W'G’ÖFW67&—F÷'3¢ãã  ¢6WBÖgVæ7F–öâÖæÖT"ãã# ¢FWVæFVæ6–W3 ¢FVf–æRÖFF×&÷W'G“¢ãã@¢W2ÖW'&÷'3¢ã2ã ¢gVæ7F–öç2Ö†fRÖæÖW3¢ã"ã0¢†2×&÷W'G’ÖFW67&—F÷'3¢ãã  ¢6WB×&÷Fôãã ¢FWVæFVæ6–W3 ¢GVæFW"×&÷Fó¢ãã¢W2ÖW'&÷'3¢ã2ã ¢W2Öö&¦V7BÖFö×3¢ãã  ¢6†'ã3BãS ¢FWVæFVæ6–W3 ¢t–Örö6öÆ÷W"s¢ãã ¢FWFV7BÖÆ–&3¢"ãã ¢6V×fW#¢rã‚ãP¢÷F–öæÄFWVæFVæ6–W3 ¢t–Ör÷6†'ÖF'v–âÖ&ÓcBs¢ã3BãP¢t–Ör÷6†'ÖF'v–â×ƒcBs¢ã3BãP¢t–Ör÷6†'ÖÆ–'f—2ÖF'v–âÖ&ÓcBs¢ã"ã@¢t–Ör÷6†'ÖÆ–'f—2ÖF'v–â×ƒcBs¢ã"ã@¢t–Ör÷6†'ÖÆ–'f—2ÖÆ–çW‚Ö&Òs¢ã"ã@¢t–Ör÷6†'ÖÆ–'f—2ÖÆ–çW‚Ö&ÓcBs¢ã"ã@¢t–Ör÷6†'ÖÆ–'f—2ÖÆ–çW‚×3cBs¢ã"ã@¢t–Ör÷6†'ÖÆ–'f—2ÖÆ–çW‚×&—67ccBs¢ã"ã@¢t–Ör÷6†'ÖÆ–'f—2ÖÆ–çW‚×33“‚s¢ã"ã@¢t–Ör÷6†'ÖÆ–'f—2ÖÆ–çW‚×ƒcBs¢ã"ã@¢t–Ör÷6†'ÖÆ–'f—2ÖÆ–çW†×W6ÂÖ&ÓcBs¢ã"ã@¢t–Ör÷6†'ÖÆ–'f—2ÖÆ–çW†×W6Â×ƒcBs¢ã"ã@¢t–Ör÷6†'ÖÆ–çW‚Ö&Òs¢ã3BãP¢t–Ör÷6†'ÖÆ–çW‚Ö&ÓcBs¢ã3BãP¢t–Ör÷6†'ÖÆ–çW‚×3cBs¢ã3BãP¢t–Ör÷6†'ÖÆ–çW‚×&—67ccBs¢ã3BãP¢t–Ör÷6†'ÖÆ–çW‚×33“‚s¢ã3BãP¢t–Ör÷6†'ÖÆ–çW‚×ƒcBs¢ã3BãP¢t–Ör÷6†'ÖÆ–çW†×W6ÂÖ&ÓcBs¢ã3BãP¢t–Ör÷6†'ÖÆ–çW†×W6Â×ƒcBs¢ã3BãP¢t–Ör÷6†'×v6Ó3"s¢ã3BãP¢t–Ör÷6†'×v–ã3"Ö&ÓcBs¢ã3BãP¢t–Ör÷6†'×v–ã3"Ö–3"s¢ã3BãP¢t–Ör÷6†'×v–ã3"×ƒcBs¢ã3BãP ¢6†V&ærÖ6öÖÖæD"ãã ¢FWVæFVæ6–W3 ¢6†V&ær×&VvWƒ¢2ãã  ¢6†V&ær×&VvW„2ãã¢·Ð ¢6–FRÖ6†ææVÂÖÆ—7Dãã ¢FWVæFVæ6–W3 ¢W2ÖW'&÷'3¢ã2ã ¢ö&¦V7BÖ–ç7V7C¢ã2ã@ ¢6–FRÖ6†ææVÂÖÖãã ¢FWVæFVæ6–W3 ¢6ÆÂÖ&÷VæC¢ãã@¢W2ÖW'&÷'3¢ã2ã ¢vWBÖ–çG&–ç6–3¢ã2ã ¢ö&¦V7BÖ–ç7V7C¢ã2ã@ ¢6–FRÖ6†ææVÂ×vV¶Öãã# ¢FWVæFVæ6–W3 ¢6ÆÂÖ&÷VæC¢ãã@¢W2ÖW'&÷'3¢ã2ã ¢vWBÖ–çG&–ç6–3¢ã2ã ¢ö&¦V7BÖ–ç7V7C¢ã2ã@¢6–FRÖ6†ææVÂÖÖ¢ãã ¢6–FRÖ6†ææVÄãã ¢FWVæFVæ6–W3 ¢W2ÖW'&÷'3¢ã2ã ¢ö&¦V7BÖ–ç7V7C¢ã2ã@¢6–FRÖ6†ææVÂÖÆ—7C¢ãã¢6–FRÖ6†ææVÂÖÖ¢ãã¢6–FRÖ6†ææVÂ×vV¶Ö¢ãã  ¢6÷W&6RÖÖÖ§4ã"ã¢·Ð ¢6÷W&6RÖÖ×7W÷'DãRã# ¢FWVæFVæ6–W3 ¢'VffW"Ög&öÓ¢ãã ¢6÷W&6RÖÖ¢ãbã ¢6÷W&6RÖÖãbã¢·Ð ¢7'g„ãã##¢·Ð ¢7F÷Ö—FW&F–öâÖ—FW&F÷$ãã ¢FWVæFVæ6–W3 ¢W2ÖW'&÷'3¢ã2ã ¢–çFW&æÂ×6Æ÷C¢ãã  ¢7G&–ærç&÷F÷G—Ræ6öFWö–çFDã"ã¢·Ð ¢7G&–ærç&÷F÷G—Ræ–æ6ÇVFW4"ãã ¢FWVæFVæ6–W3 ¢6ÆÂÖ&–æC¢ãã¢FVf–æR×&÷W'F–W3¢ã"ã¢W2Ö'7G&7C¢ã#Bã  ¢7G&–ærç&÷F÷G—RæÖF6†ÆÄBãã# ¢FWVæFVæ6–W3 ¢6ÆÂÖ&–æC¢ãã¢6ÆÂÖ&÷VæC¢ãã@¢FVf–æR×&÷W'F–W3¢ã"ã¢W2Ö'7G&7C¢ã#Bã ¢W2ÖW'&÷'3¢ã2ã ¢W2Öö&¦V7BÖFö×3¢ãã ¢vWBÖ–çG&–ç6–3¢ã2ã ¢v÷C¢ã"ã ¢†2×7–Ö&öÇ3¢ãã ¢–çFW&æÂ×6Æ÷C¢ãã ¢&VvW‡ç&÷F÷G—RæfÆw3¢ãRã@¢6WBÖgVæ7F–öâÖæÖS¢"ãã ¢6–FRÖ6†ææVÃ¢ãã ¢7G&–ærç&÷F÷G—Rç&WVDãã ¢FWVæFVæ6–W3 ¢FVf–æR×&÷W'F–W3¢ã"ã¢W2Ö'7G&7C¢ã#Bã  ¢7G&–ærç&÷F÷G—RçG&–Ôã"ã ¢FWVæFVæ6–W3 ¢6ÆÂÖ&–æC¢ãã¢6ÆÂÖ&÷VæC¢ãã@¢FVf–æRÖFF×&÷W'G“¢ãã@¢FVf–æR×&÷W'F–W3¢ã"ã¢W2Ö'7G&7C¢ã#Bã ¢W2Öö&¦V7BÖFö×3¢ãã ¢†2×&÷W'G’ÖFW67&—F÷'3¢ãã ¢6fR×&VvW‚×FW7C¢ãã  ¢7G&–ærç&÷F÷G—RçG&–ÖVæDãã ¢FWVæFVæ6–W3 ¢6ÆÂÖ&–æC¢ãã¢6ÆÂÖ&÷VæC¢ãã@¢FVf–æR×&÷W'F–W3¢ã"ã¢W2Öö&¦V7BÖFö×3¢ãã  ¢7G&–ærç&÷F÷G—RçG&–×7F'Dããƒ ¢FWVæFVæ6–W3 ¢6ÆÂÖ&–æC¢ãã¢FVf–æR×&÷W'F–W3¢ã"ã¢W2Öö&¦V7BÖFö×3¢ãã  ¢7G&—Ö§6öâÖ6öÖÖVçG42ãã¢·Ð ¢7G&—ÖÆ—FW&Ä2ãã ¢FWVæFVæ6–W3 ¢§2×Fö¶Vç3¢’ãã ¢7W÷'G2Ö6öÆ÷$ã"ã#¢·Ð ¢7W÷'G2Ö6öÆ÷$rã"ã ¢FWVæFVæ6–W3 ¢†2ÖfÆs¢Bãã  ¢7W÷'G2Ö6öÆ÷$‚ãã ¢FWVæFVæ6–W3 ¢†2ÖfÆs¢Bãã  ¢7W÷'G2×&W6W'fR×7–ÖÆ–æ·2ÖfÆtãã¢·Ð ¢F–Çv–æF774Bã"ã¢·Ð ¢F&ÆT"ã2ã3¢·Ð ¢FW'6W$RãC’ã# ¢FWVæFVæ6–W3 ¢t§&–FvWvVÆÂ÷6÷W&6RÖÖs¢ã2ã¢6÷&ã¢‚ã‚ã ¢6öÖÖæFW#¢"ã#ã0¢6÷W&6RÖÖ×7W÷'C¢ãRã# ¢F–ç’Ö–æfÆFTãã3¢·Ð ¢F–ç–vÆö&'”ã"ãs ¢FWVæFVæ6–W3 ¢fF—#¢bãRã‡–6öÖF6„BããR¢–6öÖF6ƒ¢BããP ¢Fò×&VvW‚×&ævTRãã ¢FWVæFVæ6–W3 ¢—2ÖçVÖ&W#¢rãã  ¢G2Ö’×WF–Ç4"ãRã‡G—W67&—DRã’ã2“ ¢FWVæFVæ6–W3 ¢G—W67&—C¢Rã’ã0 ¢G6Æ–$"ã‚ã¢·Ð ¢G7„Bã#2ã# ¢FWVæFVæ6–W3 ¢W6'V–ÆC¢ã#‚ã ¢÷F–öæÄFWVæFVæ6–W3 ¢g6WfVçG3¢"ã2ã0 ¢GW&&ò×7G&VÔ2ã"ã¢·Ð ¢G—RÖ6†V6´ãBã ¢FWVæFVæ6–W3 ¢&VÇVFRÖÇ3¢ã"ã ¢G—VBÖ'&’Ö'VffW$ãã3 ¢FWVæFVæ6–W3 ¢6ÆÂÖ&÷VæC¢ãã@¢W2ÖW'&÷'3¢ã2ã ¢—2×G—VBÖ'&“¢ããP ¢G—VBÖ'&’Ö'—FRÖÆVæwF„ãã3 ¢FWVæFVæ6–W3 ¢6ÆÂÖ&–æC¢ãã¢f÷"ÖV6ƒ¢ã2ãP¢v÷C¢ã"ã ¢†2×&÷Fó¢ã"ã ¢—2×G—VBÖ'&“¢ããP ¢G—VBÖ'&’Ö'—FRÖöfg6WDããC ¢FWVæFVæ6–W3 ¢f–Æ&ÆR×G—VBÖ'&—3¢ããp¢6ÆÂÖ&–æC¢ãã¢f÷"ÖV6ƒ¢ã2ãP¢v÷C¢ã"ã ¢†2×&÷Fó¢ã"ã ¢—2×G—VBÖ'&“¢ããP¢&VfÆV7BævWG&÷F÷G—Vöc¢ãã  ¢G—VBÖ'&’ÖÆVæwF„ããƒ ¢FWVæFVæ6–W3 ¢6ÆÂÖ&–æC¢ãã¢f÷"ÖV6ƒ¢ã2ãP¢v÷C¢ã"ã ¢—2×G—VBÖ'&“¢ããP¢÷76–&ÆR×G—VBÖ'&’ÖæÖW3¢ãã ¢&VfÆV7BævWG&÷F÷G—Vöc¢ãã  ¢G—W67&—BÖW6Æ–çD‚ãS’ã2†W6Æ–çD’ã3’ãB†¦—F”"ãrã’‡7W÷'G2Ö6öÆ÷$ã"ã"’’‡7W÷'G2Ö6öÆ÷$ã"ã"’‡G—W67&—DRã’ã2“ ¢FWVæFVæ6–W3 ¢tG—W67&—BÖW6Æ–çBöW6Æ–çB×ÇVv–âs¢‚ãS’ã2„G—W67&—BÖW6Æ–çB÷'6W$‚ãS’ã2†W6Æ–çD’ã3’ãB†¦—F”"ãrã’‡7W÷'G2Ö6öÆ÷$ã"ã"’’‡7W÷'G2Ö6öÆ÷$ã"ã"’‡G—W67&—DRã’ã2’’†W6Æ–çD’ã3’ãB†¦—F”"ãrã’‡7W÷'G2Ö6öÆ÷$ã"ã"’’‡7W÷'G2Ö6öÆ÷$ã"ã"’‡G—W67&—DRã’ã2¢tG—W67&—BÖW6Æ–çB÷'6W"s¢‚ãS’ã2†W6Æ–çD’ã3’ãB†¦—F”"ãrã’‡7W÷'G2Ö6öÆ÷$ã"ã"’’‡7W÷'G2Ö6öÆ÷$ã"ã"’‡G—W67&—DRã’ã2¢tG—W67&—BÖW6Æ–çB÷G—W67&—BÖW7G&VRs¢‚ãS’ã2‡7W÷'G2Ö6öÆ÷$ã"ã"’‡G—W67&—DRã’ã2¢tG—W67&—BÖW6Æ–çB÷WF–Ç2s¢‚ãS’ã2†W6Æ–çD’ã3’ãB†¦—F”"ãrã’‡7W÷'G2Ö6öÆ÷$ã"ã"’’‡7W÷'G2Ö6öÆ÷$ã"ã"’‡G—W67&—DRã’ã2¢W6Æ–çC¢’ã3’ãB†¦—F”"ãrã’‡7W÷'G2Ö6öÆ÷$ã"ã"¢G—W67&—C¢Rã’ã0¢G&ç6—F—fUVW$FWVæFVæ6–W3 ¢Ò7W÷'G2Ö6öÆ÷  ¢G—W67&—DRã’ã3¢·Ð ¢Væ&÷‚×&–Ö—F—fTãã ¢FWVæFVæ6–W3 ¢6ÆÂÖ&÷VæC¢ãã@¢†2Ö&–v–çG3¢ãã ¢†2×7–Ö&öÇ3¢ãã ¢v†–6‚Ö&÷†VB×&–Ö—F—fS¢ãã ¢VæF–6’×G—W4bã#ã¢·Ð ¢VæF–6”rã#Bãƒ¢·Ð ¢VæVçd"ãã×&2ã#C ¢FWVæFVæ6–W3 ¢F†S¢"ãã0 ¢Væ–6öFR×G&–T"ãã ¢FWVæFVæ6–W3 ¢¶ó¢ã"ã¢F–ç’Ö–æfÆFS¢ãã0 ¢Vç–4Bã"ã#¢·Ð ¢WFFRÖ'&÷w6W'6Æ—7BÖF$ã2ã†'&÷w6W'6Æ—7DBã#‚ã‚“ ¢FWVæFVæ6–W3 ¢'&÷w6W'6Æ—7C¢Bã#‚ã€¢W66ÆFS¢2ã"ã ¢–6ö6öÆ÷'3¢ãã ¢W&’Ö§4BãBã ¢FWVæFVæ6–W3 ¢Vç–6öFS¢"ã2ã ¢f–æW‡DããÖ&WFã"„f—FV§2÷ÇVv–â×&V7Dbãã"‡f—FT‚ãã2„G—W2öæöFT#"ã’ã’’†W6'V–ÆDã#‚ã"’†¦—F”"ãrã’‡FW'6W$RãC’ã"’‡G7„Bã#2ã"’’’„f—FV§2÷ÇVv–â×'64ãRã#b‡&V7BÖFöÔ’ã"ãb‡&V7D’ã"ãb’’‡&V7B×6W'fW"ÖFöÒ×vV'6´’ã"ãb‡&V7BÖFöÔ’ã"ãb‡&V7D’ã"ãb’’‡&V7D’ã"ãb’‡vV'6´Rã’ã"†W6'V–ÆDã#‚ã"’†Æ–v‡Fæ–æv774ã32ã’‡÷7F774‚ãRã#b’’’‡&V7D’ã"ãb’‡f—FT‚ãã2„G—W2öæöFT#"ã’ã’’†W6'V–ÆDã#‚ã"’†¦—F”"ãrã’‡FW'6W$RãC’ã"’‡G7„Bã#2ã"’’’‡&V7BÖFöÔ’ã"ãb‡&V7D’ã"ãb’’‡&V7B×6W'fW"ÖFöÒ×vV'6´’ã"ãb‡&V7BÖFöÔ’ã"ãb‡&V7D’ã"ãb’’‡&V7D’ã"ãb’‡vV'6´Rã’ã"†W6'V–ÆDã#‚ã"’†Æ–v‡Fæ–æv774ã32ã’‡÷7F774‚ãRã#b’’’‡&V7D’ã"ãb’‡f—FT‚ãã2„G—W2öæöFT#"ã’ã’’†W6'V–ÆDã#‚ã"’†¦—F”"ãrã’‡FW'6W$RãC’ã"’‡G7„Bã#2ã"’“ ¢FWVæFVæ6–W3 ¢tVç–2÷&V7Bs¢ãã"‡&V7BÖFöÔ’ã"ãb‡&V7D’ã"ãb’’‡&V7D’ã"ãb¢tfW&6VÂöörs¢ã‚ã`¢tf–æW‡B÷G—W2s¢ããÖ&WFã ¢tf—FV§2÷ÇVv–â×&V7Bs¢bãã"‡f—FT‚ãã2„G—W2öæöFT#"ã’ã’’†W6'V–ÆDã#‚ã"’†¦—F”"ãrã’‡FW'6W$RãC’ã"’‡G7„Bã#2ã"’¢–ÖvR×6—¦S¢"ãã ¢—FG"æ§3¢"ãRã ¢Öv–2×7G&–æs¢ã3ã#¢&V7C¢’ã"ã`¢&V7BÖFöÓ¢’ã"ãb‡&V7D’ã"ãb¢f—FS¢‚ãã2„G—W2öæöFT#"ã’ã’’†W6'V–ÆDã#‚ã"’†¦—F”"ãrã’‡FW'6W$RãC’ã"’‡G7„Bã#2ã"¢f—FR×ÇVv–âÖ6öÖÖöæ§3¢ãã@¢vV"×f—FÇ3¢Bã"ã@¢÷F–öæÄFWVæFVæ6–W3 ¢tf—FV§2÷ÇVv–â×'62s¢ãRã#b‡&V7BÖFöÔ’ã"ãb‡&V7D’ã"ãb’’‡&V7B×6W'fW"ÖFöÒ×vV'6´’ã"ãb‡&V7BÖFöÔ’ã"ãb‡&V7D’ã"ãb’’‡&V7D’ã"ãb’‡vV'6´Rã’ã"†W6'V–ÆDã#‚ã"’†Æ–v‡Fæ–æv774ã32ã’‡÷7F774‚ãRã#b’’’‡&V7D’ã"ãb’‡f—FT‚ãã2„G—W2öæöFT#"ã’ã’’†W6'V–ÆDã#‚ã"’†¦—F”"ãrã’‡FW'6W$RãC’ã"’‡G7„Bã#2ã"’¢&V7B×6W'fW"ÖFöÒ×vV'6³¢’ã"ãb‡&V7BÖFöÔ’ã"ãb‡&V7D’ã"ãb’’‡&V7D’ã"ãb’‡vV'6´Rã’ã"†W6'V–ÆDã#‚ã"’†Æ–v‡Fæ–æv774ã32ã’‡÷7F774‚ãRã#b’¢G&ç6—F—fUVW$FWVæFVæ6–W3 ¢ÒæW‡@ ¢f—FR×ÇVv–âÖ6öÖÖöæ§4ããC ¢FWVæFVæ6–W3 ¢6÷&ã¢‚ã‚ã ¢Öv–2×7G&–æs¢ã3ã#¢f—FR×ÇVv–âÖG–æÖ–2Ö–×÷'C¢ãbã  ¢f—FR×ÇVv–âÖG–æÖ–2Ö–×÷'Dãbã ¢FWVæFVæ6–W3 ¢6÷&ã¢‚ã‚ã ¢W2ÖÖöGVÆRÖÆW†W#¢ãrã ¢f7BÖvÆö#¢2ã2ã0¢Öv–2×7G&–æs¢ã3ã# ¢f—FT‚ãã2„G—W2öæöFT#"ã’ã’’†W6'V–ÆDã#‚ã"’†¦—F”"ãrã’‡FW'6W$RãC’ã"’‡G7„Bã#2ã"“ ¢FWVæFVæ6–W3 ¢Æ–v‡Fæ–æv773¢ã32ã ¢–6öÖF6ƒ¢BããP¢÷7F773¢‚ãRã#`¢&öÆÆF÷vã¢ãã¢F–ç–vÆö&'“¢ã"ãp¢÷F–öæÄFWVæFVæ6–W3 ¢tG—W2öæöFRs¢#"ã’ã¢W6'V–ÆC¢ã#‚ã ¢g6WfVçG3¢"ã2ã0¢¦—F“¢"ãrã ¢FW'6W#¢RãC’ã ¢G7ƒ¢Bã#2ã  ¢f—FVgTãã2‡f—FT‚ãã2„G—W2öæöFT#"ã’ã’’†W6'V–ÆDã#‚ã"’†¦—F”"ãrã’‡FW'6W$RãC’ã"’‡G7„Bã#2ã"’“ ¢÷F–öæÄFWVæFVæ6–W3 ¢f—FS¢‚ãã2„G—W2öæöFT#"ã’ã’’†W6'V–ÆDã#‚ã"’†¦—F”"ãrã’‡FW'6W$RãC’ã"’‡G7„Bã#2ã" ¢vF6‡6´"ãRã# ¢FWVæFVæ6–W3 ¢w&6VgVÂÖg3¢Bã"ã ¢vV"×f—FÇ4Bã"ãC¢·Ð ¢vV'6²×6÷W&6W42ãRã¢·Ð ¢vV'6´Rã’ã"†W6'V–ÆDã#‚ã"’†Æ–v‡Fæ–æv774ã32ã’‡÷7F774‚ãRã#b“ ¢FWVæFVæ6–W3 ¢tG—W2öW7G&VRs¢ãã¢tG—W2ö§6öâ×66†VÖs¢rããP¢tvV&76VÖ&Ç–§2ö7Bs¢ãBã¢tvV&76VÖ&Ç–§2÷v6ÒÖVF—Bs¢ãBã¢tvV&76VÖ&Ç–§2÷v6Ò×'6W"s¢ãBã¢6÷&ã¢‚ã‚ã ¢'&÷w6W'6Æ—7C¢Bã#‚ã€¢6‡&öÖR×G&6RÖWfVçC¢ãã@¢Væ†æ6VB×&W6öÇfS¢Rã#BãP¢W2ÖÖöGVÆRÖÆW†W#¢"ã2ã¢W6Æ–çB×66÷S¢Rãã¢WfVçG3¢2ã2ã ¢w&6VgVÂÖg3¢Bã"ã¢Ö–ÖRÖF#¢ãSBã ¢Ö–æ–Ö—¦W"×vV'6²×ÇVv–ã¢Rãbã†W6'V–ÆDã#‚ã"’†Æ–v‡Fæ–æv774ã32ã’‡÷7F774‚ãRã#b’‡vV'6´Rã’ã"†W6'V–ÆDã#‚ã"’†Æ–v‡Fæ–æv774ã32ã’‡÷7F774‚ãRã#b’¢æVòÖ7–æ3¢"ãbã ¢66†VÖ×WF–Ç3¢Bã2ã0¢F&ÆS¢"ã2ã0¢vF6‡6³¢"ãRã ¢vV'6²×6÷W&6W3¢2ãRã¢G&ç6—F—fUVW$FWVæFVæ6–W3 ¢ÒtÖ–æ–g’Ö‡FÖÂöæöFRp¢Òt7v2ö6÷&Rp¢Òt7v2ö772p¢Òt7v2ö‡FÖÂp¢Ò6ÆVâÖ770¢Ò776ææð¢Ò776ð¢ÒW6'V–Æ@¢Ò‡FÖÂÖÖ–æ–f–W"×FW'6W ¢ÒÆ–v‡Fæ–æv770¢Ò÷7F770¢ÒVvÆ–g’Ö§0 ¢v†–6‚Ö&÷†VB×&–Ö—F—fTãã ¢FWVæFVæ6–W3 ¢—2Ö&–v–çC¢ãã ¢—2Ö&ööÆVâÖö&¦V7C¢ã"ã ¢—2ÖçVÖ&W"Öö&¦V7C¢ãã¢—2×7G&–æs¢ãã¢—2×7–Ö&öÃ¢ãã ¢v†–6‚Ö'V–ÇF–â×G—Tã"ã ¢FWVæFVæ6–W3 ¢6ÆÂÖ&÷VæC¢ãã@¢gVæ7F–öâç&÷F÷G—RææÖS¢ã"ã ¢†2×F÷7G&–æwFs¢ãã ¢—2Ö7–æ2ÖgVæ7F–öã¢"ãã¢—2ÖFFRÖö&¦V7C¢ãã ¢—2Öf–æÆ—¦F–öç&Vv—7G'“¢ãã¢—2ÖvVæW&F÷"ÖgVæ7F–öã¢ãã ¢—2×&VvWƒ¢ã"ã¢—2×vV·&Vc¢ãã¢—6'&“¢"ããP¢v†–6‚Ö&÷†VB×&–Ö—F—fS¢ãã¢v†–6‚Ö6öÆÆV7F–öã¢ãã ¢v†–6‚×G—VBÖ'&“¢ãã#  ¢v†–6‚Ö6öÆÆV7F–öäãã# ¢FWVæFVæ6–W3 ¢—2ÖÖ¢"ãã0¢—2×6WC¢"ãã0¢—2×vV¶Ö¢"ãã ¢—2×vV·6WC¢"ãã@ ¢v†–6‚×G—VBÖ'&”ãã## ¢FWVæFVæ6–W3 ¢f–Æ&ÆR×G—VBÖ'&—3¢ããp¢6ÆÂÖ&–æC¢ãã¢6ÆÂÖ&÷VæC¢ãã@¢f÷"ÖV6ƒ¢ã2ãP¢vWB×&÷Fó¢ãã¢v÷C¢ã"ã ¢†2×F÷7G&–æwFs¢ãã  ¢v†–6„"ãã# ¢FWVæFVæ6–W3 ¢—6W†S¢"ãã  ¢v÷&B×w&ã"ãS¢·Ð ¢v÷&¶W&Dã##cSRã ¢÷F–öæÄFWVæFVæ6–W3 ¢t6Æ÷VFfÆ&R÷v÷&¶W&BÖF'v–âÓcBs¢ã##cSRã¢t6Æ÷VFfÆ&R÷v÷&¶W&BÖF'v–âÖ&ÓcBs¢ã##cSRã¢t6Æ÷VFfÆ&R÷v÷&¶W&BÖÆ–çW‚ÓcBs¢ã##cSRã¢t6Æ÷VFfÆ&R÷v÷&¶W&BÖÆ–çW‚Ö&ÓcBs¢ã##cSRã¢t6Æ÷VFfÆ&R÷v÷&¶W&B×v–æF÷w2ÓcBs¢ã##cSRã ¢w&ævÆW$Bã“"ã ¢FWVæFVæ6–W3 ¢t6Æ÷VFfÆ&Rö·bÖ76WBÖ†æFÆW"s¢ãRã ¢t6Æ÷VFfÆ&R÷VæVçb×&W6WBs¢"ãbã‡VæVçd"ãã×&2ã#B’‡v÷&¶W&Dã##cSRã¢&Æ¶S2×v6Ó¢"ããP¢W6'V–ÆC¢ã#rã0¢Ö–æ–fÆ&S¢Bã##cSRã ¢F‚×Fò×&VvW‡¢bã2ã ¢VæVçc¢"ãã×&2ã#@¢v÷&¶W&C¢ã##cSRã¢÷F–öæÄFWVæFVæ6–W3 ¢g6WfVçG3¢"ã2ã0¢G&ç6—F—fUVW$FWVæFVæ6–W3 ¢Ò'VffW'WF–À¢ÒWFbÓ‚×fÆ–FFP ¢w4‚ã‚ã¢·Ð ¢–ÆÆ—7D2ãã¢·Ð ¢–ö7Fò×VWVTãã¢·Ð ¢–övÖÆ–÷WD2ã"ã¢·Ð ¢–÷V6‚Ö6÷&Tã2ã3 ¢FWVæFVæ6–W3 ¢t÷–ç72öW†6WF–öâs¢ã"ã0¢W'&÷"×7F6²×'6W"ÖW3¢ããP ¢–÷V6„BããÖ&WFã ¢FWVæFVæ6–W3 ¢t÷–ç72ö6öÆ÷'2s¢Bãã`¢t÷–ç72öGV×W"s¢ãbãP¢t7VVBÖ†–v†Æ–v‡Bö6÷&Rs¢ã"ã#@¢6öö¶–S¢ãã¢–÷V6‚Ö6÷&S¢ã2ã0 ¢¦öB×fÆ–FF–öâÖW'&÷$Bãã"‡¦öDBãBã2“ ¢FWVæFVæ6–W3 ¢¦öC¢BãBã0 ¢¦öDBãBã3¢·Ð 